
Microsoft Visual Studio Solution File, Format Version 12.00
# Visual Studio Version 17
VisualStudioVersion = 17.14.36414.22 d17.14
MinimumVisualStudioVersion = 10.0.40219.1
Project("{FAE04EC0-301F-11D3-BF4B-00C04F79EFBC}") = "pr1", "pr1\pr1.csproj", "{BAC9F948-D3EB-436C-A60E-998F03627662}"
EndProject
Global
	GlobalSection(SolutionConfigurationPlatforms) = preSolution
		Debug|Any CPU = Debug|Any CPU
		Release|Any CPU = Release|Any CPU
	EndGlobalSection
	GlobalSection(ProjectConfigurationPlatforms) = postSolution
		{BAC9F948-D3EB-436C-A60E-998F03627662}.Debug|Any CPU.ActiveCfg = Debug|Any CPU
		{BAC9F948-D3EB-436C-A60E-998F03627662}.Debug|Any CPU.Build.0 = Debug|Any CPU
		{BAC9F948-D3EB-436C-A60E-998F03627662}.Release|Any CPU.ActiveCfg = Release|Any CPU
		{BAC9F948-D3EB-436C-A60E-998F03627662}.Release|Any CPU.Build.0 = Release|Any CPU
	EndGlobalSection
	GlobalSection(SolutionProperties) = preSolution
		HideSolutionNode = FALSE
	EndGlobalSection
	GlobalSection(ExtensibilityGlobals) = postSolution
		SolutionGuid = {3062F23D-4318-446F-83E3-814EF55D819A}
	EndGlobalSection
EndGlobal
